
Microsoft Visual Studio Solution File, Format Version 12.00
# Visual Studio 15
Project("{FAE04EC0-301F-11D3-BF4B-00C04F79EFBC}") = "lab9", "lab9\lab9.csproj", "{C19859AA-6D12-439B-8CB5-526435310768}"
EndProject
Global
	GlobalSection(SolutionConfigurationPlatforms) = preSolution
		Debug|Any CPU = Debug|Any CPU
		Release|Any CPU = Release|Any CPU
	EndGlobalSection
	GlobalSection(ProjectConfigurationPlatforms) = postSolution
		{C19859AA-6D12-439B-8CB5-526435310768}.Debug|Any CPU.ActiveCfg = Debug|Any CPU
		{C19859AA-6D12-439B-8CB5-526435310768}.Debug|Any CPU.Build.0 = Debug|Any CPU
		{C19859AA-6D12-439B-8CB5-526435310768}.Release|Any CPU.ActiveCfg = Release|Any CPU
		{C19859AA-6D12-439B-8CB5-526435310768}.Release|Any CPU.Build.0 = Release|Any CPU
	EndGlobalSection
EndGlobal
