
Microsoft Visual Studio Solution File, Format Version 12.00
# Visual Studio 15
Project("{FAE04EC0-301F-11D3-BF4B-00C04F79EFBC}") = "lab13", "lab13\lab13.csproj", "{47EDCA36-F7C9-470E-97DF-F4204A4FFAC3}"
EndProject
Global
	GlobalSection(SolutionConfigurationPlatforms) = preSolution
		Debug|Any CPU = Debug|Any CPU
		Release|Any CPU = Release|Any CPU
	EndGlobalSection
	GlobalSection(ProjectConfigurationPlatforms) = postSolution
		{47EDCA36-F7C9-470E-97DF-F4204A4FFAC3}.Debug|Any CPU.ActiveCfg = Debug|Any CPU
		{47EDCA36-F7C9-470E-97DF-F4204A4FFAC3}.Debug|Any CPU.Build.0 = Debug|Any CPU
		{47EDCA36-F7C9-470E-97DF-F4204A4FFAC3}.Release|Any CPU.ActiveCfg = Release|Any CPU
		{47EDCA36-F7C9-470E-97DF-F4204A4FFAC3}.Release|Any CPU.Build.0 = Release|Any CPU
	EndGlobalSection
EndGlobal
